// !$*UTF8*$!
{
	archiveVersion = 1;
	classes = {
	};
	objectVersion = 50;
	objects = {

/* Begin PBXBuildFile section */
		1192C4DD2373F89B00072DD1 /* AppDelegate.swift in Sources */ = {isa = PBXBuildFile; fileRef = 1192C4DC2373F89B00072DD1 /* AppDelegate.swift */; };
		1192C4DF2373F89B00072DD1 /* SceneDelegate.swift in Sources */ = {isa = PBXBuildFile; fileRef = 1192C4DE2373F89B00072DD1 /* SceneDelegate.swift */; };
		1192C4E12373F89B00072DD1 /* ViewController.swift in Sources */ = {isa = PBXBuildFile; fileRef = 1192C4E02373F89B00072DD1 /* ViewController.swift */; };
		1192C4E92373F89F00072DD1 /* LaunchScreen.storyboard in Resources */ = {isa = PBXBuildFile; fileRef = 1192C4E72373F89F00072DD1 /* LaunchScreen.storyboard */; };
		1192C4F12373F91100072DD1 /* Main.storyboard in Resources */ = {isa = PBXBuildFile; fileRef = 1192C4F02373F91100072DD1 /* Main.storyboard */; };
		1192C4F82373F96A00072DD1 /* VideoMerger.swift in Sources */ = {isa = PBXBuildFile; fileRef = 1192C4F52373F96A00072DD1 /* VideoMerger.swift */; };
		1192C4F92373F96A00072DD1 /* VideoExporter.swift in Sources */ = {isa = PBXBuildFile; fileRef = 1192C4F62373F96A00072DD1 /* VideoExporter.swift */; };
		1192C4FA2373F96A00072DD1 /* AssetHandler.swift in Sources */ = {isa = PBXBuildFile; fileRef = 1192C4F72373F96A00072DD1 /* AssetHandler.swift */; };
		1192C5092373F97D00072DD1 /* SettingsTableViewCell.swift in Sources */ = {isa = PBXBuildFile; fileRef = 1192C4FD2373F97D00072DD1 /* SettingsTableViewCell.swift */; };
		1192C50A2373F97D00072DD1 /* GalleryCollectionViewCell.swift in Sources */ = {isa = PBXBuildFile; fileRef = 1192C4FE2373F97D00072DD1 /* GalleryCollectionViewCell.swift */; };
		1192C50B2373F97D00072DD1 /* GalleryCollectionViewCell.xib in Resources */ = {isa = PBXBuildFile; fileRef = 1192C4FF2373F97D00072DD1 /* GalleryCollectionViewCell.xib */; };
		1192C50C2373F97D00072DD1 /* ListViewController.swift in Sources */ = {isa = PBXBuildFile; fileRef = 1192C5012373F97D00072DD1 /* ListViewController.swift */; };
		1192C50D2373F97D00072DD1 /* PlayerViewController.swift in Sources */ = {isa = PBXBuildFile; fileRef = 1192C5022373F97D00072DD1 /* PlayerViewController.swift */; };
		1192C50E2373F97D00072DD1 /* ImageViewController.swift in Sources */ = {isa = PBXBuildFile; fileRef = 1192C5032373F97D00072DD1 /* ImageViewController.swift */; };
		1192C50F2373F97D00072DD1 /* HomeViewController.swift in Sources */ = {isa = PBXBuildFile; fileRef = 1192C5042373F97D00072DD1 /* HomeViewController.swift */; };
		1192C5102373F97D00072DD1 /* CameraViewController.swift in Sources */ = {isa = PBXBuildFile; fileRef = 1192C5052373F97D00072DD1 /* CameraViewController.swift */; };
		1192C5112373F97D00072DD1 /* SettingsViewController.swift in Sources */ = {isa = PBXBuildFile; fileRef = 1192C5062373F97D00072DD1 /* SettingsViewController.swift */; };
		1192C5122373F97D00072DD1 /* GalleryView.swift in Sources */ = {isa = PBXBuildFile; fileRef = 1192C5082373F97D00072DD1 /* GalleryView.swift */; };
		1192C5172373F9B000072DD1 /* CameraFileManager.swift in Sources */ = {isa = PBXBuildFile; fileRef = 1192C5142373F9B000072DD1 /* CameraFileManager.swift */; };
		1192C5182373F9B000072DD1 /* PermissionsManager.swift in Sources */ = {isa = PBXBuildFile; fileRef = 1192C5152373F9B000072DD1 /* PermissionsManager.swift */; };
		1192C5192373F9B000072DD1 /* CameraManager.swift in Sources */ = {isa = PBXBuildFile; fileRef = 1192C5162373F9B000072DD1 /* CameraManager.swift */; };
		1192C51D2373F9B900072DD1 /* PhotoLibraryManager.swift in Sources */ = {isa = PBXBuildFile; fileRef = 1192C51B2373F9B900072DD1 /* PhotoLibraryManager.swift */; };
		1192C51E2373F9B900072DD1 /* UserDefaultsHandler.swift in Sources */ = {isa = PBXBuildFile; fileRef = 1192C51C2373F9B900072DD1 /* UserDefaultsHandler.swift */; };
		1192C52223756DF400072DD1 /* OneCameraViewController.swift in Sources */ = {isa = PBXBuildFile; fileRef = 1192C52123756DF400072DD1 /* OneCameraViewController.swift */; };
		FA4E86AA2383C43700223270 /* Assets.xcassets in Resources */ = {isa = PBXBuildFile; fileRef = FA4E86A92383C43700223270 /* Assets.xcassets */; };
/* End PBXBuildFile section */

/* Begin PBXFileReference section */
		1192C4D92373F89B00072DD1 /* CameraTest.app */ = {isa = PBXFileReference; explicitFileType = wrapper.application; includeInIndex = 0; path = CameraTest.app; sourceTree = BUILT_PRODUCTS_DIR; };
		1192C4DC2373F89B00072DD1 /* AppDelegate.swift */ = {isa = PBXFileReference; lastKnownFileType = sourcecode.swift; path = AppDelegate.swift; sourceTree = "<group>"; };
		1192C4DE2373F89B00072DD1 /* SceneDelegate.swift */ = {isa = PBXFileReference; lastKnownFileType = sourcecode.swift; path = SceneDelegate.swift; sourceTree = "<group>"; };
		1192C4E02373F89B00072DD1 /* ViewController.swift */ = {isa = PBXFileReference; lastKnownFileType = sourcecode.swift; path = ViewController.swift; sourceTree = "<group>"; };
		1192C4E82373F89F00072DD1 /* Base */ = {isa = PBXFileReference; lastKnownFileType = file.storyboard; name = Base; path = Base.lproj/LaunchScreen.storyboard; sourceTree = "<group>"; };
		1192C4EA2373F89F00072DD1 /* Info.plist */ = {isa = PBXFileReference; lastKnownFileType = text.plist.xml; path = Info.plist; sourceTree = "<group>"; };
		1192C4F02373F91100072DD1 /* Main.storyboard */ = {isa = PBXFileReference; fileEncoding = 4; lastKnownFileType = file.storyboard; path = Main.storyboard; sourceTree = "<group>"; };
		1192C4F52373F96A00072DD1 /* VideoMerger.swift */ = {isa = PBXFileReference; fileEncoding = 4; lastKnownFileType = sourcecode.swift; path = VideoMerger.swift; sourceTree = "<group>"; };
		1192C4F62373F96A00072DD1 /* VideoExporter.swift */ = {isa = PBXFileReference; fileEncoding = 4; lastKnownFileType = sourcecode.swift; path = VideoExporter.swift; sourceTree = "<group>"; };
		1192C4F72373F96A00072DD1 /* AssetHandler.swift */ = {isa = PBXFileReference; fileEncoding = 4; lastKnownFileType = sourcecode.swift; path = AssetHandler.swift; sourceTree = "<group>"; };
		1192C4FD2373F97D00072DD1 /* SettingsTableViewCell.swift */ = {isa = PBXFileReference; fileEncoding = 4; lastKnownFileType = sourcecode.swift; path = SettingsTableViewCell.swift; sourceTree = "<group>"; };
		1192C4FE2373F97D00072DD1 /* GalleryCollectionViewCell.swift */ = {isa = PBXFileReference; fileEncoding = 4; lastKnownFileType = sourcecode.swift; path = GalleryCollectionViewCell.swift; sourceTree = "<group>"; };
		1192C4FF2373F97D00072DD1 /* GalleryCollectionViewCell.xib */ = {isa = PBXFileReference; fileEncoding = 4; lastKnownFileType = file.xib; path = GalleryCollectionViewCell.xib; sourceTree = "<group>"; };
		1192C5012373F97D00072DD1 /* ListViewController.swift */ = {isa = PBXFileReference; fileEncoding = 4; lastKnownFileType = sourcecode.swift; path = ListViewController.swift; sourceTree = "<group>"; };
		1192C5022373F97D00072DD1 /* PlayerViewController.swift */ = {isa = PBXFileReference; fileEncoding = 4; lastKnownFileType = sourcecode.swift; path = PlayerViewController.swift; sourceTree = "<group>"; };
		1192C5032373F97D00072DD1 /* ImageViewController.swift */ = {isa = PBXFileReference; fileEncoding = 4; lastKnownFileType = sourcecode.swift; path = ImageViewController.swift; sourceTree = "<group>"; };
		1192C5042373F97D00072DD1 /* HomeViewController.swift */ = {isa = PBXFileReference; fileEncoding = 4; lastKnownFileType = sourcecode.swift; path = HomeViewController.swift; sourceTree = "<group>"; };
		1192C5052373F97D00072DD1 /* CameraViewController.swift */ = {isa = PBXFileReference; fileEncoding = 4; lastKnownFileType = sourcecode.swift; path = CameraViewController.swift; sourceTree = "<group>"; };
		1192C5062373F97D00072DD1 /* SettingsViewController.swift */ = {isa = PBXFileReference; fileEncoding = 4; lastKnownFileType = sourcecode.swift; path = SettingsViewController.swift; sourceTree = "<group>"; };
		1192C5082373F97D00072DD1 /* GalleryView.swift */ = {isa = PBXFileReference; fileEncoding = 4; lastKnownFileType = sourcecode.swift; path = GalleryView.swift; sourceTree = "<group>"; };
		1192C5142373F9B000072DD1 /* CameraFileManager.swift */ = {isa = PBXFileReference; fileEncoding = 4; lastKnownFileType = sourcecode.swift; path = CameraFileManager.swift; sourceTree = "<group>"; };
		1192C5152373F9B000072DD1 /* PermissionsManager.swift */ = {isa = PBXFileReference; fileEncoding = 4; lastKnownFileType = sourcecode.swift; path = PermissionsManager.swift; sourceTree = "<group>"; };
		1192C5162373F9B000072DD1 /* CameraManager.swift */ = {isa = PBXFileReference; fileEncoding = 4; lastKnownFileType = sourcecode.swift; path = CameraManager.swift; sourceTree = "<group>"; };
		1192C51B2373F9B900072DD1 /* PhotoLibraryManager.swift */ = {isa = PBXFileReference; fileEncoding = 4; lastKnownFileType = sourcecode.swift; path = PhotoLibraryManager.swift; sourceTree = "<group>"; };
		1192C51C2373F9B900072DD1 /* UserDefaultsHandler.swift */ = {isa = PBXFileReference; fileEncoding = 4; lastKnownFileType = sourcecode.swift; path = UserDefaultsHandler.swift; sourceTree = "<group>"; };
		1192C52123756DF400072DD1 /* OneCameraViewController.swift */ = {isa = PBXFileReference; lastKnownFileType = sourcecode.swift; path = OneCameraViewController.swift; sourceTree = "<group>"; };
		FA4E86A92383C43700223270 /* Assets.xcassets */ = {isa = PBXFileReference; lastKnownFileType = folder.assetcatalog; path = Assets.xcassets; sourceTree = "<group>"; };
/* End PBXFileReference section */

/* Begin PBXFrameworksBuildPhase section */
		1192C4D62373F89B00072DD1 /* Frameworks */ = {
			isa = PBXFrameworksBuildPhase;
			buildActionMask = 2147483647;
			files = (
			);
			runOnlyForDeploymentPostprocessing = 0;
		};
/* End PBXFrameworksBuildPhase section */

/* Begin PBXGroup section */
		1192C4D02373F89B00072DD1 = {
			isa = PBXGroup;
			children = (
				1192C4DB2373F89B00072DD1 /* CameraTest */,
				1192C4DA2373F89B00072DD1 /* Products */,
			);
			sourceTree = "<group>";
		};
		1192C4DA2373F89B00072DD1 /* Products */ = {
			isa = PBXGroup;
			children = (
				1192C4D92373F89B00072DD1 /* CameraTest.app */,
			);
			name = Products;
			sourceTree = "<group>";
		};
		1192C4DB2373F89B00072DD1 /* CameraTest */ = {
			isa = PBXGroup;
			children = (
				1192C51A2373F9B900072DD1 /* Helper Classes */,
				1192C5132373F9B000072DD1 /* Manager Classes */,
				1192C4FB2373F97D00072DD1 /* Views */,
				1192C4F42373F96A00072DD1 /* Models */,
				1192C4DC2373F89B00072DD1 /* AppDelegate.swift */,
				1192C4DE2373F89B00072DD1 /* SceneDelegate.swift */,
				1192C4F02373F91100072DD1 /* Main.storyboard */,
				1192C4E02373F89B00072DD1 /* ViewController.swift */,
				FA4E86A92383C43700223270 /* Assets.xcassets */,
				1192C4E72373F89F00072DD1 /* LaunchScreen.storyboard */,
				1192C4EA2373F89F00072DD1 /* Info.plist */,
			);
			path = CameraTest;
			sourceTree = "<group>";
		};
		1192C4F42373F96A00072DD1 /* Models */ = {
			isa = PBXGroup;
			children = (
				1192C4F52373F96A00072DD1 /* VideoMerger.swift */,
				1192C4F62373F96A00072DD1 /* VideoExporter.swift */,
				1192C4F72373F96A00072DD1 /* AssetHandler.swift */,
			);
			path = Models;
			sourceTree = "<group>";
		};
		1192C4FB2373F97D00072DD1 /* Views */ = {
			isa = PBXGroup;
			children = (
				1192C4FC2373F97D00072DD1 /* Cells */,
				1192C5002373F97D00072DD1 /* ViewControllers */,
				1192C5072373F97D00072DD1 /* Custom Views */,
			);
			path = Views;
			sourceTree = "<group>";
		};
		1192C4FC2373F97D00072DD1 /* Cells */ = {
			isa = PBXGroup;
			children = (
				1192C4FD2373F97D00072DD1 /* SettingsTableViewCell.swift */,
				1192C4FE2373F97D00072DD1 /* GalleryCollectionViewCell.swift */,
				1192C4FF2373F97D00072DD1 /* GalleryCollectionViewCell.xib */,
			);
			path = Cells;
			sourceTree = "<group>";
		};
		1192C5002373F97D00072DD1 /* ViewControllers */ = {
			isa = PBXGroup;
			children = (
				1192C5012373F97D00072DD1 /* ListViewController.swift */,
				1192C5022373F97D00072DD1 /* PlayerViewController.swift */,
				1192C5032373F97D00072DD1 /* ImageViewController.swift */,
				1192C5042373F97D00072DD1 /* HomeViewController.swift */,
				1192C5052373F97D00072DD1 /* CameraViewController.swift */,
				1192C5062373F97D00072DD1 /* SettingsViewController.swift */,
				1192C52123756DF400072DD1 /* OneCameraViewController.swift */,
			);
			path = ViewControllers;
			sourceTree = "<group>";
		};
		1192C5072373F97D00072DD1 /* Custom Views */ = {
			isa = PBXGroup;
			children = (
				1192C5082373F97D00072DD1 /* GalleryView.swift */,
			);
			path = "Custom Views";
			sourceTree = "<group>";
		};
		1192C5132373F9B000072DD1 /* Manager Classes */ = {
			isa = PBXGroup;
			children = (
				1192C5142373F9B000072DD1 /* CameraFileManager.swift */,
				1192C5152373F9B000072DD1 /* PermissionsManager.swift */,
				1192C5162373F9B000072DD1 /* CameraManager.swift */,
			);
			path = "Manager Classes";
			sourceTree = "<group>";
		};
		1192C51A2373F9B900072DD1 /* Helper Classes */ = {
			isa = PBXGroup;
			children = (
				1192C51B2373F9B900072DD1 /* PhotoLibraryManager.swift */,
				1192C51C2373F9B900072DD1 /* UserDefaultsHandler.swift */,
			);
			path = "Helper Classes";
			sourceTree = "<group>";
		};
/* End PBXGroup section */

/* Begin PBXNativeTarget section */
		1192C4D82373F89B00072DD1 /* CameraTest */ = {
			isa = PBXNativeTarget;
			buildConfigurationList = 1192C4ED2373F89F00072DD1 /* Build configuration list for PBXNativeTarget "CameraTest" */;
			buildPhases = (
				1192C4D52373F89B00072DD1 /* Sources */,
				1192C4D62373F89B00072DD1 /* Frameworks */,
				1192C4D72373F89B00072DD1 /* Resources */,
			);
			buildRules = (
			);
			dependencies = (
			);
			name = CameraTest;
			productName = CameraTest;
			productReference = 1192C4D92373F89B00072DD1 /* CameraTest.app */;
			productType = "com.apple.product-type.application";
		};
/* End PBXNativeTarget section */

/* Begin PBXProject section */
		1192C4D12373F89B00072DD1 /* Project object */ = {
			isa = PBXProject;
			attributes = {
				LastSwiftUpdateCheck = 1120;
				LastUpgradeCheck = 1120;
				ORGANIZATIONNAME = "Пенькевич Василий";
				TargetAttributes = {
					1192C4D82373F89B00072DD1 = {
						CreatedOnToolsVersion = 11.2;
					};
				};
			};
			buildConfigurationList = 1192C4D42373F89B00072DD1 /* Build configuration list for PBXProject "CameraTest" */;
			compatibilityVersion = "Xcode 9.3";
			developmentRegion = en;
			hasScannedForEncodings = 0;
			knownRegions = (
				en,
				Base,
			);
			mainGroup = 1192C4D02373F89B00072DD1;
			productRefGroup = 1192C4DA2373F89B00072DD1 /* Products */;
			projectDirPath = "";
			projectRoot = "";
			targets = (
				1192C4D82373F89B00072DD1 /* CameraTest */,
			);
		};
/* End PBXProject section */

/* Begin PBXResourcesBuildPhase section */
		1192C4D72373F89B00072DD1 /* Resources */ = {
			isa = PBXResourcesBuildPhase;
			buildActionMask = 2147483647;
			files = (
				1192C4F12373F91100072DD1 /* Main.storyboard in Resources */,
				1192C50B2373F97D00072DD1 /* GalleryCollectionViewCell.xib in Resources */,
				1192C4E92373F89F00072DD1 /* LaunchScreen.storyboard in Resources */,
				FA4E86AA2383C43700223270 /* Assets.xcassets in Resources */,
			);
			runOnlyForDeploymentPostprocessing = 0;
		};
/* End PBXResourcesBuildPhase section */

/* Begin PBXSourcesBuildPhase section */
		1192C4D52373F89B00072DD1 /* Sources */ = {
			isa = PBXSourcesBuildPhase;
			buildActionMask = 2147483647;
			files = (
				1192C4F92373F96A00072DD1 /* VideoExporter.swift in Sources */,
				1192C50A2373F97D00072DD1 /* GalleryCollectionViewCell.swift in Sources */,
				1192C4E12373F89B00072DD1 /* ViewController.swift in Sources */,
				1192C4F82373F96A00072DD1 /* VideoMerger.swift in Sources */,
				1192C5122373F97D00072DD1 /* GalleryView.swift in Sources */,
				1192C51D2373F9B900072DD1 /* PhotoLibraryManager.swift in Sources */,
				1192C5102373F97D00072DD1 /* CameraViewController.swift in Sources */,
				1192C5172373F9B000072DD1 /* CameraFileManager.swift in Sources */,
				1192C4DD2373F89B00072DD1 /* AppDelegate.swift in Sources */,
				1192C50C2373F97D00072DD1 /* ListViewController.swift in Sources */,
				1192C5092373F97D00072DD1 /* SettingsTableViewCell.swift in Sources */,
				1192C4DF2373F89B00072DD1 /* SceneDelegate.swift in Sources */,
				1192C5112373F97D00072DD1 /* SettingsViewController.swift in Sources */,
				1192C4FA2373F96A00072DD1 /* AssetHandler.swift in Sources */,
				1192C50E2373F97D00072DD1 /* ImageViewController.swift in Sources */,
				1192C50D2373F97D00072DD1 /* PlayerViewController.swift in Sources */,
				1192C52223756DF400072DD1 /* OneCameraViewController.swift in Sources */,
				1192C5182373F9B000072DD1 /* PermissionsManager.swift in Sources */,
				1192C51E2373F9B900072DD1 /* UserDefaultsHandler.swift in Sources */,
				1192C5192373F9B000072DD1 /* CameraManager.swift in Sources */,
				1192C50F2373F97D00072DD1 /* HomeViewController.swift in Sources */,
			);
			runOnlyForDeploymentPostprocessing = 0;
		};
/* End PBXSourcesBuildPhase section */

/* Begin PBXVariantGroup section */
		1192C4E72373F89F00072DD1 /* LaunchScreen.storyboard */ = {
			isa = PBXVariantGroup;
			children = (
				1192C4E82373F89F00072DD1 /* Base */,
			);
			name = LaunchScreen.storyboard;
			sourceTree = "<group>";
		};
/* End PBXVariantGroup section */

/* Begin XCBuildConfiguration section */
		1192C4EB2373F89F00072DD1 /* Debug */ = {
			isa = XCBuildConfiguration;
			buildSettings = {
				ALWAYS_SEARCH_USER_PATHS = NO;
				CLANG_ANALYZER_NONNULL = YES;
				CLANG_ANALYZER_NUMBER_OBJECT_CONVERSION = YES_AGGRESSIVE;
				CLANG_CXX_LANGUAGE_STANDARD = "gnu++14";
				CLANG_CXX_LIBRARY = "libc++";
				CLANG_ENABLE_MODULES = YES;
				CLANG_ENABLE_OBJC_ARC = YES;
				CLANG_ENABLE_OBJC_WEAK = YES;
				CLANG_WARN_BLOCK_CAPTURE_AUTORELEASING = YES;
				CLANG_WARN_BOOL_CONVERSION = YES;
				CLANG_WARN_COMMA = YES;
				CLANG_WARN_CONSTANT_CONVERSION = YES;
				CLANG_WARN_DEPRECATED_OBJC_IMPLEMENTATIONS = YES;
				CLANG_WARN_DIRECT_OBJC_ISA_USAGE = YES_ERROR;
				CLANG_WARN_DOCUMENTATION_COMMENTS = YES;
				CLANG_WARN_EMPTY_BODY = YES;
				CLANG_WARN_ENUM_CONVERSION = YES;
				CLANG_WARN_INFINITE_RECURSION = YES;
				CLANG_WARN_INT_CONVERSION = YES;
				CLANG_WARN_NON_LITERAL_NULL_CONVERSION = YES;
				CLANG_WARN_OBJC_IMPLICIT_RETAIN_SELF = YES;
				CLANG_WARN_OBJC_LITERAL_CONVERSION = YES;
				CLANG_WARN_OBJC_ROOT_CLASS = YES_ERROR;
				CLANG_WARN_RANGE_LOOP_ANALYSIS = YES;
				CLANG_WARN_STRICT_PROTOTYPES = YES;
				CLANG_WARN_SUSPICIOUS_MOVE = YES;
				CLANG_WARN_UNGUARDED_AVAILABILITY = YES_AGGRESSIVE;
				CLANG_WARN_UNREACHABLE_CODE = YES;
				CLANG_WARN__DUPLICATE_METHOD_MATCH = YES;
				COPY_PHASE_STRIP = NO;
				DEBUG_INFORMATION_FORMAT = dwarf;
				ENABLE_STRICT_OBJC_MSGSEND = YES;
				ENABLE_TESTABILITY = YES;
				GCC_C_LANGUAGE_STANDARD = gnu11;
				GCC_DYNAMIC_NO_PIC = NO;
				GCC_NO_COMMON_BLOCKS = YES;
				GCC_OPTIMIZATION_LEVEL = 0;
				GCC_PREPROCESSOR_DEFINITIONS = (
					"DEBUG=1",
					"$(inherited)",
				);
				GCC_WARN_64_TO_32_BIT_CONVERSION = YES;
				GCC_WARN_ABOUT_RETURN_TYPE = YES_ERROR;
				GCC_WARN_UNDECLARED_SELECTOR = YES;
				GCC_WARN_UNINITIALIZED_AUTOS = YES_AGGRESSIVE;
				GCC_WARN_UNUSED_FUNCTION = YES;
				GCC_WARN_UNUSED_VARIABLE = YES;
				IPHONEOS_DEPLOYMENT_TARGET = 13.2;
				MTL_ENABLE_DEBUG_INFO = INCLUDE_SOURCE;
				MTL_FAST_MATH = YES;
				ONLY_ACTIVE_ARCH = YES;
				SDKROOT = iphoneos;
				SWIFT_ACTIVE_COMPILATION_CONDITIONS = DEBUG;
				SWIFT_OPTIMIZATION_LEVEL = "-Onone";
			};
			name = Debug;
		};
		1192C4EC2373F89F00072DD1 /* Release */ = {
			isa = XCBuildConfiguration;
			buildSettings = {
				ALWAYS_SEARCH_USER_PATHS = NO;
				CLANG_ANALYZER_NONNULL = YES;
				CLANG_ANALYZER_NUMBER_OBJECT_CONVERSION = YES_AGGRESSIVE;
				CLANG_CXX_LANGUAGE_STANDARD = "gnu++14";
				CLANG_CXX_LIBRARY = "libc++";
				CLANG_ENABLE_MODULES = YES;
				CLANG_ENABLE_OBJC_ARC = YES;
				CLANG_ENABLE_OBJC_WEAK = YES;
				CLANG_WARN_BLOCK_CAPTURE_AUTORELEASING = YES;
				CLANG_WARN_BOOL_CONVERSION = YES;
				CLANG_WARN_COMMA = YES;
				CLANG_WARN_CONSTANT_CONVERSION = YES;
				CLANG_WARN_DEPRECATED_OBJC_IMPLEMENTATIONS = YES;
				CLANG_WARN_DIRECT_OBJC_ISA_USAGE = YES_ERROR;
				CLANG_WARN_DOCUMENTATION_COMMENTS = YES;
				CLANG_WARN_EMPTY_BODY = YES;
				CLANG_WARN_ENUM_CONVERSION = YES;
				CLANG_WARN_INFINITE_RECURSION = YES;
				CLANG_WARN_INT_CONVERSION = YES;
				CLANG_WARN_NON_LITERAL_NULL_CONVERSION = YES;
				CLANG_WARN_OBJC_IMPLICIT_RETAIN_SELF = YES;
				CLANG_WARN_OBJC_LITERAL_CONVERSION = YES;
				CLANG_WARN_OBJC_ROOT_CLASS = YES_ERROR;
				CLANG_WARN_RANGE_LOOP_ANALYSIS = YES;
				CLANG_WARN_STRICT_PROTOTYPES = YES;
				CLANG_WARN_SUSPICIOUS_MOVE = YES;
				CLANG_WARN_UNGUARDED_AVAILABILITY = YES_AGGRESSIVE;
				CLANG_WARN_UNREACHABLE_CODE = YES;
				CLANG_WARN__DUPLICATE_METHOD_MATCH = YES;
				COPY_PHASE_STRIP = NO;
				DEBUG_INFORMATION_FORMAT = "dwarf-with-dsym";
				ENABLE_NS_ASSERTIONS = NO;
				ENABLE_STRICT_OBJC_MSGSEND = YES;
				GCC_C_LANGUAGE_STANDARD = gnu11;
				GCC_NO_COMMON_BLOCKS = YES;
				GCC_WARN_64_TO_32_BIT_CONVERSION = YES;
				GCC_WARN_ABOUT_RETURN_TYPE = YES_ERROR;
				GCC_WARN_UNDECLARED_SELECTOR = YES;
				GCC_WARN_UNINITIALIZED_AUTOS = YES_AGGRESSIVE;
				GCC_WARN_UNUSED_FUNCTION = YES;
				GCC_WARN_UNUSED_VARIABLE = YES;
				IPHONEOS_DEPLOYMENT_TARGET = 13.2;
				MTL_ENABLE_DEBUG_INFO = NO;
				MTL_FAST_MATH = YES;
				SDKROOT = iphoneos;
				SWIFT_COMPILATION_MODE = wholemodule;
				SWIFT_OPTIMIZATION_LEVEL = "-O";
				VALIDATE_PRODUCT = YES;
			};
			name = Release;
		};
		1192C4EE2373F89F00072DD1 /* Debug */ = {
			isa = XCBuildConfiguration;
			buildSettings = {
				ASSETCATALOG_COMPILER_APPICON_NAME = AppIcon;
				CODE_SIGN_STYLE = Automatic;
				DEVELOPMENT_TEAM = ZZH8QX82PA;
				INFOPLIST_FILE = CameraTest/Info.plist;
				IPHONEOS_DEPLOYMENT_TARGET = 11.0;
				LD_RUNPATH_SEARCH_PATHS = (
					"$(inherited)",
					"@executable_path/Frameworks",
				);
				PRODUCT_BUNDLE_IDENTIFIER = "Businnes-2.0.CameraTest";
				PRODUCT_NAME = "$(TARGET_NAME)";
				SWIFT_VERSION = 5.0;
				TARGETED_DEVICE_FAMILY = "1,2";
			};
			name = Debug;
		};
		1192C4EF2373F89F00072DD1 /* Release */ = {
			isa = XCBuildConfiguration;
			buildSettings = {
				ASSETCATALOG_COMPILER_APPICON_NAME = AppIcon;
				CODE_SIGN_STYLE = Automatic;
				DEVELOPMENT_TEAM = ZZH8QX82PA;
				INFOPLIST_FILE = CameraTest/Info.plist;
				IPHONEOS_DEPLOYMENT_TARGET = 11.0;
				LD_RUNPATH_SEARCH_PATHS = (
					"$(inherited)",
					"@executable_path/Frameworks",
				);
				PRODUCT_BUNDLE_IDENTIFIER = "Businnes-2.0.CameraTest";
				PRODUCT_NAME = "$(TARGET_NAME)";
				SWIFT_VERSION = 5.0;
				TARGETED_DEVICE_FAMILY = "1,2";
			};
			name = Release;
		};
/* End XCBuildConfiguration section */

/* Begin XCConfigurationList section */
		1192C4D42373F89B00072DD1 /* Build configuration list for PBXProject "CameraTest" */ = {
			isa = XCConfigurationList;
			buildConfigurations = (
				1192C4EB2373F89F00072DD1 /* Debug */,
				1192C4EC2373F89F00072DD1 /* Release */,
			);
			defaultConfigurationIsVisible = 0;
			defaultConfigurationName = Release;
		};
		1192C4ED2373F89F00072DD1 /* Build configuration list for PBXNativeTarget "CameraTest" */ = {
			isa = XCConfigurationList;
			buildConfigurations = (
				1192C4EE2373F89F00072DD1 /* Debug */,
				1192C4EF2373F89F00072DD1 /* Release */,
			);
			defaultConfigurationIsVisible = 0;
			defaultConfigurationName = Release;
		};
/* End XCConfigurationList section */
	};
	rootObject = 1192C4D12373F89B00072DD1 /* Project object */;
}
